<?xml version="1.0" encoding="utf-8"?>
<Project ToolsVersion="4.0" xmlns="http://schemas.microsoft.com/developer/msbuild/2003">
  <ItemGroup>
    <ClCompile Include="..\src\DllMain.cpp">
      <Filter>Sources</Filter>
    </ClCompile>
    <ClCompile Include="..\src\ExporterMain.cpp">
      <Filter>Sources</Filter>
    </ClCompile>
    <ClCompile Include="..\src\VertexProcessor.cpp">
      <Filter>Sources</Filter>
    </ClCompile>
  </ItemGroup>
  <ItemGroup>
    <ClInclude Include="..\src\DllMain.hpp">
      <Filter>Sources</Filter>
    </ClInclude>
    <ClInclude Include="..\src\ExporterMain.hpp">
      <Filter>Sources</Filter>
    </ClInclude>
    <ClInclude Include="..\src\VertexProcessor.hpp">
      <Filter>Sources</Filter>
    </ClInclude>
  </ItemGroup>
  <ItemGroup>
    <Filter Include="Sources">
      <UniqueIdentifier>{3b9278d9-9178-4ffb-ae4b-c56716fc3115}</UniqueIdentifier>
    </Filter>
  </ItemGroup>
  <ItemGroup>
    <None Include="..\README" />
  </ItemGroup>
</Project>