<?xml version="1.0" encoding="utf-8"?>
<Project ToolsVersion="4.0" xmlns="http://schemas.microsoft.com/developer/msbuild/2003">
  <ItemGroup>
    <ClCompile Include="..\..\External\LZ4\lz4-r127\lz4.c" />
    <ClCompile Include="..\..\External\LZ4\lz4-r127\lz4frame.c" />
    <ClCompile Include="..\..\External\LZ4\lz4-r127\lz4hc.c" />
    <ClCompile Include="..\..\External\LZ4\lz4-r127\xxhash.c" />
  </ItemGroup>
  <ItemGroup>
    <ClInclude Include="..\..\External\LZ4\lz4-r127\lz4.h" />
    <ClInclude Include="..\..\External\LZ4\lz4-r127\lz4frame.h" />
    <ClInclude Include="..\..\External\LZ4\lz4-r127\lz4frame_static.h" />
    <ClInclude Include="..\..\External\LZ4\lz4-r127\lz4hc.h" />
    <ClInclude Include="..\..\External\LZ4\lz4-r127\xxhash.h" />
  </ItemGroup>
</Project>