
Microsoft Visual Studio Solution File, Format Version 12.00
# Visual Studio 2012
Project("{8BC9CEB8-8B4A-11D0-8D11-00A0C91BC942}") = "libzmq", "libzmq\libzmq.vcxproj", "{AF74A723-1E25-41AE-B704-D14BA2364EFA}"
EndProject
Project("{2150E333-8FDC-42A3-9474-1A3956D46DE8}") = "samples", "samples", "{ADD9A2DB-CDB5-4C7B-BF5F-2AF2C19E3BE8}"
EndProject
Project("{2150E333-8FDC-42A3-9474-1A3956D46DE8}") = "libs", "libs", "{3F7E0E3D-0AEF-4038-AAC1-9F23795A44B6}"
EndProject
Project("{8BC9CEB8-8B4A-11D0-8D11-00A0C91BC942}") = "hwserver", "samples\hwserver.vcxproj", "{096DB412-8E29-4B9B-93A0-999DCF458EE6}"
	ProjectSection(ProjectDependencies) = postProject
		{AF74A723-1E25-41AE-B704-D14BA2364EFA} = {AF74A723-1E25-41AE-B704-D14BA2364EFA}
	EndProjectSection
EndProject
Project("{8BC9CEB8-8B4A-11D0-8D11-00A0C91BC942}") = "hwclient", "samples\hwclient.vcxproj", "{2D973233-BB75-4281-B650-2A1690AE9AC7}"
	ProjectSection(ProjectDependencies) = postProject
		{AF74A723-1E25-41AE-B704-D14BA2364EFA} = {AF74A723-1E25-41AE-B704-D14BA2364EFA}
	EndProjectSection
EndProject
Project("{8BC9CEB8-8B4A-11D0-8D11-00A0C91BC942}") = "zmqversion", "samples\zmqversion.vcxproj", "{2D9465DA-968A-4E2E-839F-00CB92F85BF3}"
	ProjectSection(ProjectDependencies) = postProject
		{AF74A723-1E25-41AE-B704-D14BA2364EFA} = {AF74A723-1E25-41AE-B704-D14BA2364EFA}
	EndProjectSection
EndProject
Project("{8BC9CEB8-8B4A-11D0-8D11-00A0C91BC942}") = "wuserver", "samples\wuserver.vcxproj", "{26358CD0-33A7-4206-A60B-2A8D8C05C2A9}"
	ProjectSection(ProjectDependencies) = postProject
		{AF74A723-1E25-41AE-B704-D14BA2364EFA} = {AF74A723-1E25-41AE-B704-D14BA2364EFA}
	EndProjectSection
EndProject
Project("{8BC9CEB8-8B4A-11D0-8D11-00A0C91BC942}") = "wuclient", "samples\wuclient.vcxproj", "{FAA5A3AC-ABC8-473C-9227-7D16CE2FB213}"
	ProjectSection(ProjectDependencies) = postProject
		{AF74A723-1E25-41AE-B704-D14BA2364EFA} = {AF74A723-1E25-41AE-B704-D14BA2364EFA}
	EndProjectSection
EndProject
Project("{2150E333-8FDC-42A3-9474-1A3956D46DE8}") = "01_HelloWorld", "01_HelloWorld", "{DBEC84A9-C169-4367-BEBE-E9406C4CE677}"
EndProject
Project("{2150E333-8FDC-42A3-9474-1A3956D46DE8}") = "02_SimplePubSub", "02_SimplePubSub", "{B709CE8A-43C3-4A88-BC69-0A96A12DE3BB}"
EndProject
Project("{2150E333-8FDC-42A3-9474-1A3956D46DE8}") = "03_SimplePushPull", "03_SimplePushPull", "{220BD076-1710-41B5-89EC-35F890C89902}"
EndProject
Project("{8BC9CEB8-8B4A-11D0-8D11-00A0C91BC942}") = "taskvent", "samples\taskvent.vcxproj", "{ECBAB2FB-ED52-4CDF-97B6-9CA5EBCAFBAE}"
EndProject
Project("{8BC9CEB8-8B4A-11D0-8D11-00A0C91BC942}") = "taskwork", "samples\taskwork.vcxproj", "{EF312590-4645-4E66-8808-52C55A7EBA80}"
EndProject
Project("{8BC9CEB8-8B4A-11D0-8D11-00A0C91BC942}") = "tasksink", "samples\tasksink.vcxproj", "{348B9747-830E-427E-933E-101A93AED866}"
EndProject
Project("{2150E333-8FDC-42A3-9474-1A3956D46DE8}") = "04_HandleMultiSockets", "04_HandleMultiSockets", "{B5833F1F-D607-4F61-A7C4-5E6C28C4E627}"
EndProject
Project("{8BC9CEB8-8B4A-11D0-8D11-00A0C91BC942}") = "msreader", "samples\msreader.vcxproj", "{6F5ADA70-2C68-4B4F-BDB0-435A0FB74C56}"
	ProjectSection(ProjectDependencies) = postProject
		{AF74A723-1E25-41AE-B704-D14BA2364EFA} = {AF74A723-1E25-41AE-B704-D14BA2364EFA}
	EndProjectSection
EndProject
Project("{8BC9CEB8-8B4A-11D0-8D11-00A0C91BC942}") = "mspoller", "samples\mspoller.vcxproj", "{988E98A3-4FF2-493E-9886-3DFB6D60F094}"
	ProjectSection(ProjectDependencies) = postProject
		{AF74A723-1E25-41AE-B704-D14BA2364EFA} = {AF74A723-1E25-41AE-B704-D14BA2364EFA}
	EndProjectSection
EndProject
Project("{2150E333-8FDC-42A3-9474-1A3956D46DE8}") = "05_HelloRouterDealer", "05_HelloRouterDealer", "{CF8652BF-08DD-482E-90A6-55B1D0EAB7E0}"
EndProject
Project("{8BC9CEB8-8B4A-11D0-8D11-00A0C91BC942}") = "rrclient", "samples\rrclient.vcxproj", "{9FB984F1-124D-4017-B368-02E7F6DC6A40}"
	ProjectSection(ProjectDependencies) = postProject
		{AF74A723-1E25-41AE-B704-D14BA2364EFA} = {AF74A723-1E25-41AE-B704-D14BA2364EFA}
	EndProjectSection
EndProject
Project("{8BC9CEB8-8B4A-11D0-8D11-00A0C91BC942}") = "rrworker", "samples\rrworker.vcxproj", "{84322C63-54CA-4D4B-A568-79F1F4B02113}"
	ProjectSection(ProjectDependencies) = postProject
		{AF74A723-1E25-41AE-B704-D14BA2364EFA} = {AF74A723-1E25-41AE-B704-D14BA2364EFA}
	EndProjectSection
EndProject
Project("{8BC9CEB8-8B4A-11D0-8D11-00A0C91BC942}") = "rrbroker", "samples\rrbroker.vcxproj", "{FB42C01D-1ECD-497A-B5FB-482B4D12E86D}"
	ProjectSection(ProjectDependencies) = postProject
		{AF74A723-1E25-41AE-B704-D14BA2364EFA} = {AF74A723-1E25-41AE-B704-D14BA2364EFA}
	EndProjectSection
EndProject
Project("{8BC9CEB8-8B4A-11D0-8D11-00A0C91BC942}") = "msgqueue", "samples\msgqueue.vcxproj", "{12F5D83F-0211-48E4-AB96-662200DB0C2E}"
	ProjectSection(ProjectDependencies) = postProject
		{AF74A723-1E25-41AE-B704-D14BA2364EFA} = {AF74A723-1E25-41AE-B704-D14BA2364EFA}
	EndProjectSection
EndProject
Project("{2150E333-8FDC-42A3-9474-1A3956D46DE8}") = "06_HandleETERM", "06_HandleETERM", "{67445FBA-C53A-4339-801D-CA3176968ACA}"
EndProject
Project("{8BC9CEB8-8B4A-11D0-8D11-00A0C91BC942}") = "taskwork2", "samples\taskwork2.vcxproj", "{AA035523-DAC4-4E0A-94B5-B7829C798512}"
	ProjectSection(ProjectDependencies) = postProject
		{AF74A723-1E25-41AE-B704-D14BA2364EFA} = {AF74A723-1E25-41AE-B704-D14BA2364EFA}
	EndProjectSection
EndProject
Project("{8BC9CEB8-8B4A-11D0-8D11-00A0C91BC942}") = "tasksink2", "samples\tasksink2.vcxproj", "{D85C8782-7537-4443-B72C-AE683D632C60}"
	ProjectSection(ProjectDependencies) = postProject
		{AF74A723-1E25-41AE-B704-D14BA2364EFA} = {AF74A723-1E25-41AE-B704-D14BA2364EFA}
	EndProjectSection
EndProject
Global
	GlobalSection(SolutionConfigurationPlatforms) = preSolution
		Debug|Win32 = Debug|Win32
		Release|Win32 = Release|Win32
	EndGlobalSection
	GlobalSection(ProjectConfigurationPlatforms) = postSolution
		{AF74A723-1E25-41AE-B704-D14BA2364EFA}.Debug|Win32.ActiveCfg = Debug|Win32
		{AF74A723-1E25-41AE-B704-D14BA2364EFA}.Debug|Win32.Build.0 = Debug|Win32
		{AF74A723-1E25-41AE-B704-D14BA2364EFA}.Release|Win32.ActiveCfg = Release|Win32
		{AF74A723-1E25-41AE-B704-D14BA2364EFA}.Release|Win32.Build.0 = Release|Win32
		{096DB412-8E29-4B9B-93A0-999DCF458EE6}.Debug|Win32.ActiveCfg = Debug|Win32
		{096DB412-8E29-4B9B-93A0-999DCF458EE6}.Debug|Win32.Build.0 = Debug|Win32
		{096DB412-8E29-4B9B-93A0-999DCF458EE6}.Release|Win32.ActiveCfg = Release|Win32
		{096DB412-8E29-4B9B-93A0-999DCF458EE6}.Release|Win32.Build.0 = Release|Win32
		{2D973233-BB75-4281-B650-2A1690AE9AC7}.Debug|Win32.ActiveCfg = Debug|Win32
		{2D973233-BB75-4281-B650-2A1690AE9AC7}.Debug|Win32.Build.0 = Debug|Win32
		{2D973233-BB75-4281-B650-2A1690AE9AC7}.Release|Win32.ActiveCfg = Release|Win32
		{2D973233-BB75-4281-B650-2A1690AE9AC7}.Release|Win32.Build.0 = Release|Win32
		{2D9465DA-968A-4E2E-839F-00CB92F85BF3}.Debug|Win32.ActiveCfg = Debug|Win32
		{2D9465DA-968A-4E2E-839F-00CB92F85BF3}.Debug|Win32.Build.0 = Debug|Win32
		{2D9465DA-968A-4E2E-839F-00CB92F85BF3}.Release|Win32.ActiveCfg = Release|Win32
		{2D9465DA-968A-4E2E-839F-00CB92F85BF3}.Release|Win32.Build.0 = Release|Win32
		{26358CD0-33A7-4206-A60B-2A8D8C05C2A9}.Debug|Win32.ActiveCfg = Debug|Win32
		{26358CD0-33A7-4206-A60B-2A8D8C05C2A9}.Debug|Win32.Build.0 = Debug|Win32
		{26358CD0-33A7-4206-A60B-2A8D8C05C2A9}.Release|Win32.ActiveCfg = Release|Win32
		{26358CD0-33A7-4206-A60B-2A8D8C05C2A9}.Release|Win32.Build.0 = Release|Win32
		{FAA5A3AC-ABC8-473C-9227-7D16CE2FB213}.Debug|Win32.ActiveCfg = Debug|Win32
		{FAA5A3AC-ABC8-473C-9227-7D16CE2FB213}.Debug|Win32.Build.0 = Debug|Win32
		{FAA5A3AC-ABC8-473C-9227-7D16CE2FB213}.Release|Win32.ActiveCfg = Release|Win32
		{FAA5A3AC-ABC8-473C-9227-7D16CE2FB213}.Release|Win32.Build.0 = Release|Win32
		{ECBAB2FB-ED52-4CDF-97B6-9CA5EBCAFBAE}.Debug|Win32.ActiveCfg = Debug|Win32
		{ECBAB2FB-ED52-4CDF-97B6-9CA5EBCAFBAE}.Debug|Win32.Build.0 = Debug|Win32
		{ECBAB2FB-ED52-4CDF-97B6-9CA5EBCAFBAE}.Release|Win32.ActiveCfg = Release|Win32
		{ECBAB2FB-ED52-4CDF-97B6-9CA5EBCAFBAE}.Release|Win32.Build.0 = Release|Win32
		{EF312590-4645-4E66-8808-52C55A7EBA80}.Debug|Win32.ActiveCfg = Debug|Win32
		{EF312590-4645-4E66-8808-52C55A7EBA80}.Debug|Win32.Build.0 = Debug|Win32
		{EF312590-4645-4E66-8808-52C55A7EBA80}.Release|Win32.ActiveCfg = Release|Win32
		{EF312590-4645-4E66-8808-52C55A7EBA80}.Release|Win32.Build.0 = Release|Win32
		{348B9747-830E-427E-933E-101A93AED866}.Debug|Win32.ActiveCfg = Debug|Win32
		{348B9747-830E-427E-933E-101A93AED866}.Debug|Win32.Build.0 = Debug|Win32
		{348B9747-830E-427E-933E-101A93AED866}.Release|Win32.ActiveCfg = Release|Win32
		{348B9747-830E-427E-933E-101A93AED866}.Release|Win32.Build.0 = Release|Win32
		{6F5ADA70-2C68-4B4F-BDB0-435A0FB74C56}.Debug|Win32.ActiveCfg = Debug|Win32
		{6F5ADA70-2C68-4B4F-BDB0-435A0FB74C56}.Debug|Win32.Build.0 = Debug|Win32
		{6F5ADA70-2C68-4B4F-BDB0-435A0FB74C56}.Release|Win32.ActiveCfg = Release|Win32
		{6F5ADA70-2C68-4B4F-BDB0-435A0FB74C56}.Release|Win32.Build.0 = Release|Win32
		{988E98A3-4FF2-493E-9886-3DFB6D60F094}.Debug|Win32.ActiveCfg = Debug|Win32
		{988E98A3-4FF2-493E-9886-3DFB6D60F094}.Debug|Win32.Build.0 = Debug|Win32
		{988E98A3-4FF2-493E-9886-3DFB6D60F094}.Release|Win32.ActiveCfg = Release|Win32
		{988E98A3-4FF2-493E-9886-3DFB6D60F094}.Release|Win32.Build.0 = Release|Win32
		{9FB984F1-124D-4017-B368-02E7F6DC6A40}.Debug|Win32.ActiveCfg = Debug|Win32
		{9FB984F1-124D-4017-B368-02E7F6DC6A40}.Debug|Win32.Build.0 = Debug|Win32
		{9FB984F1-124D-4017-B368-02E7F6DC6A40}.Release|Win32.ActiveCfg = Release|Win32
		{9FB984F1-124D-4017-B368-02E7F6DC6A40}.Release|Win32.Build.0 = Release|Win32
		{84322C63-54CA-4D4B-A568-79F1F4B02113}.Debug|Win32.ActiveCfg = Debug|Win32
		{84322C63-54CA-4D4B-A568-79F1F4B02113}.Debug|Win32.Build.0 = Debug|Win32
		{84322C63-54CA-4D4B-A568-79F1F4B02113}.Release|Win32.ActiveCfg = Release|Win32
		{84322C63-54CA-4D4B-A568-79F1F4B02113}.Release|Win32.Build.0 = Release|Win32
		{FB42C01D-1ECD-497A-B5FB-482B4D12E86D}.Debug|Win32.ActiveCfg = Debug|Win32
		{FB42C01D-1ECD-497A-B5FB-482B4D12E86D}.Debug|Win32.Build.0 = Debug|Win32
		{FB42C01D-1ECD-497A-B5FB-482B4D12E86D}.Release|Win32.ActiveCfg = Release|Win32
		{FB42C01D-1ECD-497A-B5FB-482B4D12E86D}.Release|Win32.Build.0 = Release|Win32
		{12F5D83F-0211-48E4-AB96-662200DB0C2E}.Debug|Win32.ActiveCfg = Debug|Win32
		{12F5D83F-0211-48E4-AB96-662200DB0C2E}.Debug|Win32.Build.0 = Debug|Win32
		{12F5D83F-0211-48E4-AB96-662200DB0C2E}.Release|Win32.ActiveCfg = Release|Win32
		{12F5D83F-0211-48E4-AB96-662200DB0C2E}.Release|Win32.Build.0 = Release|Win32
		{AA035523-DAC4-4E0A-94B5-B7829C798512}.Debug|Win32.ActiveCfg = Debug|Win32
		{AA035523-DAC4-4E0A-94B5-B7829C798512}.Debug|Win32.Build.0 = Debug|Win32
		{AA035523-DAC4-4E0A-94B5-B7829C798512}.Release|Win32.ActiveCfg = Release|Win32
		{AA035523-DAC4-4E0A-94B5-B7829C798512}.Release|Win32.Build.0 = Release|Win32
		{D85C8782-7537-4443-B72C-AE683D632C60}.Debug|Win32.ActiveCfg = Debug|Win32
		{D85C8782-7537-4443-B72C-AE683D632C60}.Debug|Win32.Build.0 = Debug|Win32
		{D85C8782-7537-4443-B72C-AE683D632C60}.Release|Win32.ActiveCfg = Release|Win32
		{D85C8782-7537-4443-B72C-AE683D632C60}.Release|Win32.Build.0 = Release|Win32
	EndGlobalSection
	GlobalSection(SolutionProperties) = preSolution
		HideSolutionNode = FALSE
	EndGlobalSection
	GlobalSection(NestedProjects) = preSolution
		{AF74A723-1E25-41AE-B704-D14BA2364EFA} = {3F7E0E3D-0AEF-4038-AAC1-9F23795A44B6}
		{DBEC84A9-C169-4367-BEBE-E9406C4CE677} = {ADD9A2DB-CDB5-4C7B-BF5F-2AF2C19E3BE8}
		{2D9465DA-968A-4E2E-839F-00CB92F85BF3} = {ADD9A2DB-CDB5-4C7B-BF5F-2AF2C19E3BE8}
		{B709CE8A-43C3-4A88-BC69-0A96A12DE3BB} = {ADD9A2DB-CDB5-4C7B-BF5F-2AF2C19E3BE8}
		{220BD076-1710-41B5-89EC-35F890C89902} = {ADD9A2DB-CDB5-4C7B-BF5F-2AF2C19E3BE8}
		{B5833F1F-D607-4F61-A7C4-5E6C28C4E627} = {ADD9A2DB-CDB5-4C7B-BF5F-2AF2C19E3BE8}
		{CF8652BF-08DD-482E-90A6-55B1D0EAB7E0} = {ADD9A2DB-CDB5-4C7B-BF5F-2AF2C19E3BE8}
		{67445FBA-C53A-4339-801D-CA3176968ACA} = {ADD9A2DB-CDB5-4C7B-BF5F-2AF2C19E3BE8}
		{2D973233-BB75-4281-B650-2A1690AE9AC7} = {DBEC84A9-C169-4367-BEBE-E9406C4CE677}
		{096DB412-8E29-4B9B-93A0-999DCF458EE6} = {DBEC84A9-C169-4367-BEBE-E9406C4CE677}
		{FAA5A3AC-ABC8-473C-9227-7D16CE2FB213} = {B709CE8A-43C3-4A88-BC69-0A96A12DE3BB}
		{26358CD0-33A7-4206-A60B-2A8D8C05C2A9} = {B709CE8A-43C3-4A88-BC69-0A96A12DE3BB}
		{ECBAB2FB-ED52-4CDF-97B6-9CA5EBCAFBAE} = {220BD076-1710-41B5-89EC-35F890C89902}
		{EF312590-4645-4E66-8808-52C55A7EBA80} = {220BD076-1710-41B5-89EC-35F890C89902}
		{348B9747-830E-427E-933E-101A93AED866} = {220BD076-1710-41B5-89EC-35F890C89902}
		{6F5ADA70-2C68-4B4F-BDB0-435A0FB74C56} = {B5833F1F-D607-4F61-A7C4-5E6C28C4E627}
		{988E98A3-4FF2-493E-9886-3DFB6D60F094} = {B5833F1F-D607-4F61-A7C4-5E6C28C4E627}
		{9FB984F1-124D-4017-B368-02E7F6DC6A40} = {CF8652BF-08DD-482E-90A6-55B1D0EAB7E0}
		{84322C63-54CA-4D4B-A568-79F1F4B02113} = {CF8652BF-08DD-482E-90A6-55B1D0EAB7E0}
		{FB42C01D-1ECD-497A-B5FB-482B4D12E86D} = {CF8652BF-08DD-482E-90A6-55B1D0EAB7E0}
		{12F5D83F-0211-48E4-AB96-662200DB0C2E} = {CF8652BF-08DD-482E-90A6-55B1D0EAB7E0}
		{AA035523-DAC4-4E0A-94B5-B7829C798512} = {67445FBA-C53A-4339-801D-CA3176968ACA}
		{D85C8782-7537-4443-B72C-AE683D632C60} = {67445FBA-C53A-4339-801D-CA3176968ACA}
	EndGlobalSection
EndGlobal
