<?xml version="1.0" encoding="utf-8"?>
<Project ToolsVersion="4.0" xmlns="http://schemas.microsoft.com/developer/msbuild/2003">
  <ItemGroup>
    <ClInclude Include="Renderer.h" />
    <ClInclude Include="StdAfx.h" />
    <ClInclude Include="RendererManager.h" />
    <ClInclude Include="TriangleRenderer.h" />
  </ItemGroup>
  <ItemGroup>
    <ClCompile Include="Renderer.cpp" />
    <ClCompile Include="DllMain.cpp" />
    <ClCompile Include="RendererManager.cpp" />
    <ClCompile Include="TriangleRenderer.cpp" />
  </ItemGroup>
  <ItemGroup>
    <None Include="D3DContent.def" />
  </ItemGroup>
</Project>