
Microsoft Visual Studio Solution File, Format Version 12.00
# Visual Studio 2012
Project("{FAE04EC0-301F-11D3-BF4B-00C04F79EFBC}") = "SimplePage", "SimplePage\SimplePage.csproj", "{A3EC70B6-E5ED-4E13-B3D4-9ADA1F5FBFA4}"
EndProject
Project("{FAE04EC0-301F-11D3-BF4B-00C04F79EFBC}") = "Hyperlink", "Hyperlink\Hyperlink.csproj", "{9737E91F-6EF8-426C-B752-FB6C403DD82F}"
EndProject
Project("{FAE04EC0-301F-11D3-BF4B-00C04F79EFBC}") = "LifeCycle", "LifeCycle\LifeCycle.csproj", "{B1387991-9AB2-4B11-9BD0-88BBCF8B2ACE}"
EndProject
Global
	GlobalSection(SolutionConfigurationPlatforms) = preSolution
		Debug|Any CPU = Debug|Any CPU
		Release|Any CPU = Release|Any CPU
	EndGlobalSection
	GlobalSection(ProjectConfigurationPlatforms) = postSolution
		{A3EC70B6-E5ED-4E13-B3D4-9ADA1F5FBFA4}.Debug|Any CPU.ActiveCfg = Debug|Any CPU
		{A3EC70B6-E5ED-4E13-B3D4-9ADA1F5FBFA4}.Debug|Any CPU.Build.0 = Debug|Any CPU
		{A3EC70B6-E5ED-4E13-B3D4-9ADA1F5FBFA4}.Release|Any CPU.ActiveCfg = Release|Any CPU
		{A3EC70B6-E5ED-4E13-B3D4-9ADA1F5FBFA4}.Release|Any CPU.Build.0 = Release|Any CPU
		{9737E91F-6EF8-426C-B752-FB6C403DD82F}.Debug|Any CPU.ActiveCfg = Debug|Any CPU
		{9737E91F-6EF8-426C-B752-FB6C403DD82F}.Debug|Any CPU.Build.0 = Debug|Any CPU
		{9737E91F-6EF8-426C-B752-FB6C403DD82F}.Release|Any CPU.ActiveCfg = Release|Any CPU
		{9737E91F-6EF8-426C-B752-FB6C403DD82F}.Release|Any CPU.Build.0 = Release|Any CPU
		{B1387991-9AB2-4B11-9BD0-88BBCF8B2ACE}.Debug|Any CPU.ActiveCfg = Debug|Any CPU
		{B1387991-9AB2-4B11-9BD0-88BBCF8B2ACE}.Debug|Any CPU.Build.0 = Debug|Any CPU
		{B1387991-9AB2-4B11-9BD0-88BBCF8B2ACE}.Release|Any CPU.ActiveCfg = Release|Any CPU
		{B1387991-9AB2-4B11-9BD0-88BBCF8B2ACE}.Release|Any CPU.Build.0 = Release|Any CPU
	EndGlobalSection
	GlobalSection(SolutionProperties) = preSolution
		HideSolutionNode = FALSE
	EndGlobalSection
EndGlobal
