<?xml version="1.0" encoding="utf-8"?>
<Project ToolsVersion="4.0" xmlns="http://schemas.microsoft.com/developer/msbuild/2003">
  <ItemGroup>
    <ResourceCompile Include="..\..\tests\02_Button\app.rc" />
  </ItemGroup>
  <ItemGroup>
    <ClCompile Include="..\..\tests\02_Button\Main.cpp" />
  </ItemGroup>
  <ItemGroup>
    <ClInclude Include="..\..\tests\02_Button\Resource.h" />
  </ItemGroup>
</Project>