
Microsoft Visual Studio Solution File, Format Version 12.00
# Visual Studio 2012
Project("{FAE04EC0-301F-11D3-BF4B-00C04F79EFBC}") = "TheMan", "TheMan\TheMan.csproj", "{45156EA6-7B30-4105-9746-63053C3A7B8B}"
EndProject
Project("{FAE04EC0-301F-11D3-BF4B-00C04F79EFBC}") = "RunRunRun", "RunRunRun\RunRunRun.csproj", "{D6EBBEB8-4F47-42EB-8DF3-0B1F995AFD96}"
EndProject
Global
	GlobalSection(SolutionConfigurationPlatforms) = preSolution
		Debug|Any CPU = Debug|Any CPU
		Release|Any CPU = Release|Any CPU
	EndGlobalSection
	GlobalSection(ProjectConfigurationPlatforms) = postSolution
		{45156EA6-7B30-4105-9746-63053C3A7B8B}.Debug|Any CPU.ActiveCfg = Debug|Any CPU
		{45156EA6-7B30-4105-9746-63053C3A7B8B}.Debug|Any CPU.Build.0 = Debug|Any CPU
		{45156EA6-7B30-4105-9746-63053C3A7B8B}.Release|Any CPU.ActiveCfg = Release|Any CPU
		{45156EA6-7B30-4105-9746-63053C3A7B8B}.Release|Any CPU.Build.0 = Release|Any CPU
		{D6EBBEB8-4F47-42EB-8DF3-0B1F995AFD96}.Debug|Any CPU.ActiveCfg = Debug|Any CPU
		{D6EBBEB8-4F47-42EB-8DF3-0B1F995AFD96}.Debug|Any CPU.Build.0 = Debug|Any CPU
		{D6EBBEB8-4F47-42EB-8DF3-0B1F995AFD96}.Release|Any CPU.ActiveCfg = Release|Any CPU
		{D6EBBEB8-4F47-42EB-8DF3-0B1F995AFD96}.Release|Any CPU.Build.0 = Release|Any CPU
	EndGlobalSection
	GlobalSection(SolutionProperties) = preSolution
		HideSolutionNode = FALSE
	EndGlobalSection
EndGlobal
