<?xml version="1.0" encoding="utf-8"?>
<Project ToolsVersion="4.0" xmlns="http://schemas.microsoft.com/developer/msbuild/2003">
  <ItemGroup>
    <ClCompile Include="..\src\DllMain.cpp" />
    <ClCompile Include="..\src\ExportVertex.cpp" />
  </ItemGroup>
  <ItemGroup>
    <ClInclude Include="..\src\DllMain.hpp" />
    <ClInclude Include="..\src\ExportVertex.hpp" />
  </ItemGroup>
  <ItemGroup>
    <None Include="..\README" />
  </ItemGroup>
</Project>