
Microsoft Visual Studio Solution File, Format Version 12.00
# Visual Studio 2012
Project("{8BC9CEB8-8B4A-11D0-8D11-00A0C91BC942}") = "EchoClient", "chap01\EchoClient.vcxproj", "{31F36250-6663-4725-87C4-9CA12DD72CC5}"
EndProject
Project("{2150E333-8FDC-42A3-9474-1A3956D46DE8}") = "chap01", "chap01", "{5A1B1094-0AE4-4FAB-BC4E-952209F83A04}"
EndProject
Global
	GlobalSection(SolutionConfigurationPlatforms) = preSolution
		Debug|Win32 = Debug|Win32
		Release|Win32 = Release|Win32
	EndGlobalSection
	GlobalSection(ProjectConfigurationPlatforms) = postSolution
		{31F36250-6663-4725-87C4-9CA12DD72CC5}.Debug|Win32.ActiveCfg = Debug|Win32
		{31F36250-6663-4725-87C4-9CA12DD72CC5}.Debug|Win32.Build.0 = Debug|Win32
		{31F36250-6663-4725-87C4-9CA12DD72CC5}.Release|Win32.ActiveCfg = Release|Win32
		{31F36250-6663-4725-87C4-9CA12DD72CC5}.Release|Win32.Build.0 = Release|Win32
	EndGlobalSection
	GlobalSection(SolutionProperties) = preSolution
		HideSolutionNode = FALSE
	EndGlobalSection
	GlobalSection(NestedProjects) = preSolution
		{31F36250-6663-4725-87C4-9CA12DD72CC5} = {5A1B1094-0AE4-4FAB-BC4E-952209F83A04}
	EndGlobalSection
EndGlobal
