
Microsoft Visual Studio Solution File, Format Version 12.00
# Visual Studio 2012
Project("{8BC9CEB8-8B4A-11D0-8D11-00A0C91BC942}") = "helloworld", "chap02\helloworld.vcxproj", "{923549C7-54D2-4F9B-947F-4E7C8C8E50F5}"
EndProject
Project("{2150E333-8FDC-42A3-9474-1A3956D46DE8}") = "02_basic", "02_basic", "{A7E64CCE-4408-4814-859C-3096247A1A72}"
EndProject
Project("{8BC9CEB8-8B4A-11D0-8D11-00A0C91BC942}") = "idle-basic", "chap02\idle-basic.vcxproj", "{5D3C61A6-7BDA-4214-B8F4-7081C9BBF596}"
EndProject
Project("{2150E333-8FDC-42A3-9474-1A3956D46DE8}") = "03_filesystem", "03_filesystem", "{36A95693-32E8-48B7-83D7-CD1922468D5D}"
EndProject
Project("{8BC9CEB8-8B4A-11D0-8D11-00A0C91BC942}") = "uvcat", "chap03\uvcat.vcxproj", "{D32A60D7-BB55-4344-A3D9-16F6163FDD36}"
EndProject
Project("{8BC9CEB8-8B4A-11D0-8D11-00A0C91BC942}") = "uvtee", "chap03\uvtee.vcxproj", "{232858A6-1A5C-4145-AFBC-154D18831D51}"
EndProject
Project("{8BC9CEB8-8B4A-11D0-8D11-00A0C91BC942}") = "onchange", "chap03\onchange.vcxproj", "{31F0FC74-6CA0-4945-8A16-38FE0F058069}"
EndProject
Project("{2150E333-8FDC-42A3-9474-1A3956D46DE8}") = "04_networking", "04_networking", "{9BA82905-483A-4A81-911A-8DCACDDF98C7}"
EndProject
Project("{8BC9CEB8-8B4A-11D0-8D11-00A0C91BC942}") = "tcp-echo-server", "chap04\tcp-echo-server.vcxproj", "{390A96E8-B0FF-4E95-BA79-F3C4D507A678}"
EndProject
Project("{8BC9CEB8-8B4A-11D0-8D11-00A0C91BC942}") = "tcp-echo-client", "chap04\tcp-echo-client.vcxproj", "{C1EAD00E-B4EA-4ECE-A33B-28935F063660}"
EndProject
Global
	GlobalSection(SolutionConfigurationPlatforms) = preSolution
		Debug|Win32 = Debug|Win32
		Release|Win32 = Release|Win32
	EndGlobalSection
	GlobalSection(ProjectConfigurationPlatforms) = postSolution
		{923549C7-54D2-4F9B-947F-4E7C8C8E50F5}.Debug|Win32.ActiveCfg = Debug|Win32
		{923549C7-54D2-4F9B-947F-4E7C8C8E50F5}.Debug|Win32.Build.0 = Debug|Win32
		{923549C7-54D2-4F9B-947F-4E7C8C8E50F5}.Release|Win32.ActiveCfg = Release|Win32
		{923549C7-54D2-4F9B-947F-4E7C8C8E50F5}.Release|Win32.Build.0 = Release|Win32
		{5D3C61A6-7BDA-4214-B8F4-7081C9BBF596}.Debug|Win32.ActiveCfg = Debug|Win32
		{5D3C61A6-7BDA-4214-B8F4-7081C9BBF596}.Debug|Win32.Build.0 = Debug|Win32
		{5D3C61A6-7BDA-4214-B8F4-7081C9BBF596}.Release|Win32.ActiveCfg = Release|Win32
		{5D3C61A6-7BDA-4214-B8F4-7081C9BBF596}.Release|Win32.Build.0 = Release|Win32
		{D32A60D7-BB55-4344-A3D9-16F6163FDD36}.Debug|Win32.ActiveCfg = Debug|Win32
		{D32A60D7-BB55-4344-A3D9-16F6163FDD36}.Debug|Win32.Build.0 = Debug|Win32
		{D32A60D7-BB55-4344-A3D9-16F6163FDD36}.Release|Win32.ActiveCfg = Release|Win32
		{D32A60D7-BB55-4344-A3D9-16F6163FDD36}.Release|Win32.Build.0 = Release|Win32
		{232858A6-1A5C-4145-AFBC-154D18831D51}.Debug|Win32.ActiveCfg = Debug|Win32
		{232858A6-1A5C-4145-AFBC-154D18831D51}.Debug|Win32.Build.0 = Debug|Win32
		{232858A6-1A5C-4145-AFBC-154D18831D51}.Release|Win32.ActiveCfg = Release|Win32
		{232858A6-1A5C-4145-AFBC-154D18831D51}.Release|Win32.Build.0 = Release|Win32
		{31F0FC74-6CA0-4945-8A16-38FE0F058069}.Debug|Win32.ActiveCfg = Debug|Win32
		{31F0FC74-6CA0-4945-8A16-38FE0F058069}.Debug|Win32.Build.0 = Debug|Win32
		{31F0FC74-6CA0-4945-8A16-38FE0F058069}.Release|Win32.ActiveCfg = Release|Win32
		{31F0FC74-6CA0-4945-8A16-38FE0F058069}.Release|Win32.Build.0 = Release|Win32
		{390A96E8-B0FF-4E95-BA79-F3C4D507A678}.Debug|Win32.ActiveCfg = Debug|Win32
		{390A96E8-B0FF-4E95-BA79-F3C4D507A678}.Debug|Win32.Build.0 = Debug|Win32
		{390A96E8-B0FF-4E95-BA79-F3C4D507A678}.Release|Win32.ActiveCfg = Release|Win32
		{390A96E8-B0FF-4E95-BA79-F3C4D507A678}.Release|Win32.Build.0 = Release|Win32
		{C1EAD00E-B4EA-4ECE-A33B-28935F063660}.Debug|Win32.ActiveCfg = Debug|Win32
		{C1EAD00E-B4EA-4ECE-A33B-28935F063660}.Debug|Win32.Build.0 = Debug|Win32
		{C1EAD00E-B4EA-4ECE-A33B-28935F063660}.Release|Win32.ActiveCfg = Release|Win32
		{C1EAD00E-B4EA-4ECE-A33B-28935F063660}.Release|Win32.Build.0 = Release|Win32
	EndGlobalSection
	GlobalSection(SolutionProperties) = preSolution
		HideSolutionNode = FALSE
	EndGlobalSection
	GlobalSection(NestedProjects) = preSolution
		{923549C7-54D2-4F9B-947F-4E7C8C8E50F5} = {A7E64CCE-4408-4814-859C-3096247A1A72}
		{5D3C61A6-7BDA-4214-B8F4-7081C9BBF596} = {A7E64CCE-4408-4814-859C-3096247A1A72}
		{D32A60D7-BB55-4344-A3D9-16F6163FDD36} = {36A95693-32E8-48B7-83D7-CD1922468D5D}
		{232858A6-1A5C-4145-AFBC-154D18831D51} = {36A95693-32E8-48B7-83D7-CD1922468D5D}
		{31F0FC74-6CA0-4945-8A16-38FE0F058069} = {36A95693-32E8-48B7-83D7-CD1922468D5D}
		{390A96E8-B0FF-4E95-BA79-F3C4D507A678} = {9BA82905-483A-4A81-911A-8DCACDDF98C7}
		{C1EAD00E-B4EA-4ECE-A33B-28935F063660} = {9BA82905-483A-4A81-911A-8DCACDDF98C7}
	EndGlobalSection
EndGlobal
